
Microsoft Visual Studio Solution File, Format Version 12.00
# Visual Studio Version 17
VisualStudioVersion = 17.10.35201.106
MinimumVisualStudioVersion = 10.0.40219.1
Project("{9A19103F-16F7-4668-BE54-9A1E7A4F7556}") = "Motorway.Domain", "src\Motorway.Domain\Motorway.Domain.csproj", "{8F9EC5A5-2A4E-4C17-9D5E-0F0E07C9D101}"
EndProject
Project("{9A19103F-16F7-4668-BE54-9A1E7A4F7556}") = "Motorway.Engine", "src\Motorway.Engine\Motorway.Engine.csproj", "{3E8D9C44-7EFA-4C93-9E95-EC3C9A7B3102}"
EndProject
Project("{9A19103F-16F7-4668-BE54-9A1E7A4F7556}") = "Motorway.Infrastructure", "src\Motorway.Infrastructure\Motorway.Infrastructure.csproj", "{7B932BD1-A87C-4A40-9DA8-774D195D8D03}"
EndProject
Project("{9A19103F-16F7-4668-BE54-9A1E7A4F7556}") = "Motorway.Console", "src\Motorway.Console\Motorway.Console.csproj", "{F1C0AEF5-21E7-49E1-BD06-662AB4777904}"
EndProject
Project("{2150E333-8FDC-42A3-9474-1A3956D46DE8}") = "tests", "tests", "{0AB3BF05-4346-4AA6-1389-037BE0695223}"
EndProject
Project("{FAE04EC0-301F-11D3-BF4B-00C04F79EFBC}") = "Motorway.Tests", "tests\Motorway.Tests\Motorway.Tests.csproj", "{1093DD57-9211-4DB0-90CE-9E43F2CBC135}"
EndProject
Project("{2150E333-8FDC-42A3-9474-1A3956D46DE8}") = "src", "src", "{827E0CD3-B72D-47B6-A68D-7590B98EB39B}"
EndProject
Global
	GlobalSection(SolutionConfigurationPlatforms) = preSolution
		Debug|Any CPU = Debug|Any CPU
		Debug|x64 = Debug|x64
		Debug|x86 = Debug|x86
		Release|Any CPU = Release|Any CPU
		Release|x64 = Release|x64
		Release|x86 = Release|x86
	EndGlobalSection
	GlobalSection(ProjectConfigurationPlatforms) = postSolution
		{8F9EC5A5-2A4E-4C17-9D5E-0F0E07C9D101}.Debug|Any CPU.ActiveCfg = Debug|Any CPU
		{8F9EC5A5-2A4E-4C17-9D5E-0F0E07C9D101}.Debug|Any CPU.Build.0 = Debug|Any CPU
		{8F9EC5A5-2A4E-4C17-9D5E-0F0E07C9D101}.Debug|x64.ActiveCfg = Debug|Any CPU
		{8F9EC5A5-2A4E-4C17-9D5E-0F0E07C9D101}.Debug|x64.Build.0 = Debug|Any CPU
		{8F9EC5A5-2A4E-4C17-9D5E-0F0E07C9D101}.Debug|x86.ActiveCfg = Debug|Any CPU
		{8F9EC5A5-2A4E-4C17-9D5E-0F0E07C9D101}.Debug|x86.Build.0 = Debug|Any CPU
		{8F9EC5A5-2A4E-4C17-9D5E-0F0E07C9D101}.Release|Any CPU.ActiveCfg = Release|Any CPU
		{8F9EC5A5-2A4E-4C17-9D5E-0F0E07C9D101}.Release|Any CPU.Build.0 = Release|Any CPU
		{8F9EC5A5-2A4E-4C17-9D5E-0F0E07C9D101}.Release|x64.ActiveCfg = Release|Any CPU
		{8F9EC5A5-2A4E-4C17-9D5E-0F0E07C9D101}.Release|x64.Build.0 = Release|Any CPU
		{8F9EC5A5-2A4E-4C17-9D5E-0F0E07C9D101}.Release|x86.ActiveCfg = Release|Any CPU
		{8F9EC5A5-2A4E-4C17-9D5E-0F0E07C9D101}.Release|x86.Build.0 = Release|Any CPU
		{3E8D9C44-7EFA-4C93-9E95-EC3C9A7B3102}.Debug|Any CPU.ActiveCfg = Debug|Any CPU
		{3E8D9C44-7EFA-4C93-9E95-EC3C9A7B3102}.Debug|Any CPU.Build.0 = Debug|Any CPU
		{3E8D9C44-7EFA-4C93-9E95-EC3C9A7B3102}.Debug|x64.ActiveCfg = Debug|Any CPU
		{3E8D9C44-7EFA-4C93-9E95-EC3C9A7B3102}.Debug|x64.Build.0 = Debug|Any CPU
		{3E8D9C44-7EFA-4C93-9E95-EC3C9A7B3102}.Debug|x86.ActiveCfg = Debug|Any CPU
		{3E8D9C44-7EFA-4C93-9E95-EC3C9A7B3102}.Debug|x86.Build.0 = Debug|Any CPU
		{3E8D9C44-7EFA-4C93-9E95-EC3C9A7B3102}.Release|Any CPU.ActiveCfg = Release|Any CPU
		{3E8D9C44-7EFA-4C93-9E95-EC3C9A7B3102}.Release|Any CPU.Build.0 = Release|Any CPU
		{3E8D9C44-7EFA-4C93-9E95-EC3C9A7B3102}.Release|x64.ActiveCfg = Release|Any CPU
		{3E8D9C44-7EFA-4C93-9E95-EC3C9A7B3102}.Release|x64.Build.0 = Release|Any CPU
		{3E8D9C44-7EFA-4C93-9E95-EC3C9A7B3102}.Release|x86.ActiveCfg = Release|Any CPU
		{3E8D9C44-7EFA-4C93-9E95-EC3C9A7B3102}.Release|x86.Build.0 = Release|Any CPU
		{7B932BD1-A87C-4A40-9DA8-774D195D8D03}.Debug|Any CPU.ActiveCfg = Debug|Any CPU
		{7B932BD1-A87C-4A40-9DA8-774D195D8D03}.Debug|Any CPU.Build.0 = Debug|Any CPU
		{7B932BD1-A87C-4A40-9DA8-774D195D8D03}.Debug|x64.ActiveCfg = Debug|Any CPU
		{7B932BD1-A87C-4A40-9DA8-774D195D8D03}.Debug|x64.Build.0 = Debug|Any CPU
		{7B932BD1-A87C-4A40-9DA8-774D195D8D03}.Debug|x86.ActiveCfg = Debug|Any CPU
		{7B932BD1-A87C-4A40-9DA8-774D195D8D03}.Debug|x86.Build.0 = Debug|Any CPU
		{7B932BD1-A87C-4A40-9DA8-774D195D8D03}.Release|Any CPU.ActiveCfg = Release|Any CPU
		{7B932BD1-A87C-4A40-9DA8-774D195D8D03}.Release|Any CPU.Build.0 = Release|Any CPU
		{7B932BD1-A87C-4A40-9DA8-774D195D8D03}.Release|x64.ActiveCfg = Release|Any CPU
		{7B932BD1-A87C-4A40-9DA8-774D195D8D03}.Release|x64.Build.0 = Release|Any CPU
		{7B932BD1-A87C-4A40-9DA8-774D195D8D03}.Release|x86.ActiveCfg = Release|Any CPU
		{7B932BD1-A87C-4A40-9DA8-774D195D8D03}.Release|x86.Build.0 = Release|Any CPU
		{F1C0AEF5-21E7-49E1-BD06-662AB4777904}.Debug|Any CPU.ActiveCfg = Debug|Any CPU
		{F1C0AEF5-21E7-49E1-BD06-662AB4777904}.Debug|Any CPU.Build.0 = Debug|Any CPU
		{F1C0AEF5-21E7-49E1-BD06-662AB4777904}.Debug|x64.ActiveCfg = Debug|Any CPU
		{F1C0AEF5-21E7-49E1-BD06-662AB4777904}.Debug|x64.Build.0 = Debug|Any CPU
		{F1C0AEF5-21E7-49E1-BD06-662AB4777904}.Debug|x86.ActiveCfg = Debug|Any CPU
		{F1C0AEF5-21E7-49E1-BD06-662AB4777904}.Debug|x86.Build.0 = Debug|Any CPU
		{F1C0AEF5-21E7-49E1-BD06-662AB4777904}.Release|Any CPU.ActiveCfg = Release|Any CPU
		{F1C0AEF5-21E7-49E1-BD06-662AB4777904}.Release|Any CPU.Build.0 = Release|Any CPU
		{F1C0AEF5-21E7-49E1-BD06-662AB4777904}.Release|x64.ActiveCfg = Release|Any CPU
		{F1C0AEF5-21E7-49E1-BD06-662AB4777904}.Release|x64.Build.0 = Release|Any CPU
		{F1C0AEF5-21E7-49E1-BD06-662AB4777904}.Release|x86.ActiveCfg = Release|Any CPU
		{F1C0AEF5-21E7-49E1-BD06-662AB4777904}.Release|x86.Build.0 = Release|Any CPU
		{1093DD57-9211-4DB0-90CE-9E43F2CBC135}.Debug|Any CPU.ActiveCfg = Debug|Any CPU
		{1093DD57-9211-4DB0-90CE-9E43F2CBC135}.Debug|Any CPU.Build.0 = Debug|Any CPU
		{1093DD57-9211-4DB0-90CE-9E43F2CBC135}.Debug|x64.ActiveCfg = Debug|Any CPU
		{1093DD57-9211-4DB0-90CE-9E43F2CBC135}.Debug|x64.Build.0 = Debug|Any CPU
		{1093DD57-9211-4DB0-90CE-9E43F2CBC135}.Debug|x86.ActiveCfg = Debug|Any CPU
		{1093DD57-9211-4DB0-90CE-9E43F2CBC135}.Debug|x86.Build.0 = Debug|Any CPU
		{1093DD57-9211-4DB0-90CE-9E43F2CBC135}.Release|Any CPU.ActiveCfg = Release|Any CPU
		{1093DD57-9211-4DB0-90CE-9E43F2CBC135}.Release|Any CPU.Build.0 = Release|Any CPU
		{1093DD57-9211-4DB0-90CE-9E43F2CBC135}.Release|x64.ActiveCfg = Release|Any CPU
		{1093DD57-9211-4DB0-90CE-9E43F2CBC135}.Release|x64.Build.0 = Release|Any CPU
		{1093DD57-9211-4DB0-90CE-9E43F2CBC135}.Release|x86.ActiveCfg = Release|Any CPU
		{1093DD57-9211-4DB0-90CE-9E43F2CBC135}.Release|x86.Build.0 = Release|Any CPU
	EndGlobalSection
	GlobalSection(SolutionProperties) = preSolution
		HideSolutionNode = FALSE
	EndGlobalSection
	GlobalSection(NestedProjects) = preSolution
		{1093DD57-9211-4DB0-90CE-9E43F2CBC135} = {0AB3BF05-4346-4AA6-1389-037BE0695223}
	EndGlobalSection
EndGlobal
